
Microsoft Visual Studio Solution File, Format Version 12.00
# Visual Studio 2013
VisualStudioVersion = 12.0.30501.0
MinimumVisualStudioVersion = 10.0.40219.1
Project("{2150E333-8FDC-42A3-9474-1A3956D46DE8}") = "Web", "Web", "{E36DEB7A-FB09-481B-8EDC-78C6AFD4A761}"
EndProject
Project("{FAE04EC0-301F-11D3-BF4B-00C04F79EFBC}") = "FeedReader", "FeedReader\FeedReader.csproj", "{3AC32DD3-F12B-4189-A6A6-EB7E0B1747AD}"
EndProject
Project("{2150E333-8FDC-42A3-9474-1A3956D46DE8}") = "Model", "Model", "{F3D04D55-5014-4B8C-AE0C-850F10B3D141}"
EndProject
Project("{FAE04EC0-301F-11D3-BF4B-00C04F79EFBC}") = "Model.Api", "Model.Api\Model.Api.csproj", "{D94D53BF-45D4-44DF-8D0F-6916F862C957}"
EndProject
Project("{2150E333-8FDC-42A3-9474-1A3956D46DE8}") = "Shared", "Shared", "{218193CB-84E9-4E5F-AB5D-04F811616807}"
EndProject
Project("{FAE04EC0-301F-11D3-BF4B-00C04F79EFBC}") = "Shared", "Shared\Shared.csproj", "{0EE2F245-738A-4398-8D26-25D06BA3F8E5}"
EndProject
Project("{FAE04EC0-301F-11D3-BF4B-00C04F79EFBC}") = "Model.Persistence", "Model.Persistence\Model.Persistence.csproj", "{CDB32071-459A-4E14-BF37-32FBFBF12DA3}"
EndProject
Project("{2150E333-8FDC-42A3-9474-1A3956D46DE8}") = "Implementation", "Implementation", "{2462B782-A11C-467A-915B-C3952B80754E}"
EndProject
Project("{FAE04EC0-301F-11D3-BF4B-00C04F79EFBC}") = "Implementation.Persistence.SqlServer", "Implementation.Persistence.SqlServer\Implementation.Persistence.SqlServer.csproj", "{E33C72B5-3AE9-4DDA-940C-502C8EEBFFFA}"
EndProject
Project("{2150E333-8FDC-42A3-9474-1A3956D46DE8}") = "Test", "Test", "{4BCA7472-ED16-4E87-8671-933FAE5AA90C}"
EndProject
Project("{2150E333-8FDC-42A3-9474-1A3956D46DE8}") = "Model", "Model", "{48447839-CEEE-4D06-978C-A76C09B30AD2}"
EndProject
Project("{FAE04EC0-301F-11D3-BF4B-00C04F79EFBC}") = "Test.Model.Persisence", "Test\Test.Model.Persisence\Test.Model.Persisence.csproj", "{DC9E1BBE-A467-47E8-A0C3-362DF97838FC}"
EndProject
Project("{2150E333-8FDC-42A3-9474-1A3956D46DE8}") = "Implementation", "Implementation", "{A1E5EE57-603D-443A-8DF4-5508F827C73C}"
EndProject
Project("{FAE04EC0-301F-11D3-BF4B-00C04F79EFBC}") = "Test.Implementation.Persistence.SqlServer", "Test\Test.Implementation.Persistence.SqlServer\Test.Implementation.Persistence.SqlServer.csproj", "{3B6CA073-71A1-4C60-9720-CE8BDF192046}"
EndProject
Project("{2150E333-8FDC-42A3-9474-1A3956D46DE8}") = "Shared", "Shared", "{2AB1FFF6-7429-4996-A155-C683EC102C80}"
EndProject
Project("{FAE04EC0-301F-11D3-BF4B-00C04F79EFBC}") = "Test.Shared", "Test\Test.Shared\Test.Shared.csproj", "{9EC10BC9-AF8D-4A49-A22D-0BC44D531157}"
EndProject
Project("{FAE04EC0-301F-11D3-BF4B-00C04F79EFBC}") = "Implementation.Api", "Implementation.Api\Implementation.Api.csproj", "{B3559A12-A6F7-4A61-B641-FF7919D529A4}"
EndProject
Project("{2150E333-8FDC-42A3-9474-1A3956D46DE8}") = "Utilities", "Utilities", "{22C259C9-AFB2-468B-9ABA-67929A402D08}"
EndProject
Project("{FAE04EC0-301F-11D3-BF4B-00C04F79EFBC}") = "CreateDatabase", "CreateDatabase\CreateDatabase.csproj", "{9BFE79C5-CEF7-4130-8D75-854056BBC4F6}"
EndProject
Global
	GlobalSection(SolutionConfigurationPlatforms) = preSolution
		Debug|Any CPU = Debug|Any CPU
		Release|Any CPU = Release|Any CPU
	EndGlobalSection
	GlobalSection(ProjectConfigurationPlatforms) = postSolution
		{3AC32DD3-F12B-4189-A6A6-EB7E0B1747AD}.Debug|Any CPU.ActiveCfg = Debug|Any CPU
		{3AC32DD3-F12B-4189-A6A6-EB7E0B1747AD}.Debug|Any CPU.Build.0 = Debug|Any CPU
		{3AC32DD3-F12B-4189-A6A6-EB7E0B1747AD}.Release|Any CPU.ActiveCfg = Release|Any CPU
		{3AC32DD3-F12B-4189-A6A6-EB7E0B1747AD}.Release|Any CPU.Build.0 = Release|Any CPU
		{D94D53BF-45D4-44DF-8D0F-6916F862C957}.Debug|Any CPU.ActiveCfg = Debug|Any CPU
		{D94D53BF-45D4-44DF-8D0F-6916F862C957}.Debug|Any CPU.Build.0 = Debug|Any CPU
		{D94D53BF-45D4-44DF-8D0F-6916F862C957}.Release|Any CPU.ActiveCfg = Release|Any CPU
		{D94D53BF-45D4-44DF-8D0F-6916F862C957}.Release|Any CPU.Build.0 = Release|Any CPU
		{0EE2F245-738A-4398-8D26-25D06BA3F8E5}.Debug|Any CPU.ActiveCfg = Debug|Any CPU
		{0EE2F245-738A-4398-8D26-25D06BA3F8E5}.Debug|Any CPU.Build.0 = Debug|Any CPU
		{0EE2F245-738A-4398-8D26-25D06BA3F8E5}.Release|Any CPU.ActiveCfg = Release|Any CPU
		{0EE2F245-738A-4398-8D26-25D06BA3F8E5}.Release|Any CPU.Build.0 = Release|Any CPU
		{CDB32071-459A-4E14-BF37-32FBFBF12DA3}.Debug|Any CPU.ActiveCfg = Debug|Any CPU
		{CDB32071-459A-4E14-BF37-32FBFBF12DA3}.Debug|Any CPU.Build.0 = Debug|Any CPU
		{CDB32071-459A-4E14-BF37-32FBFBF12DA3}.Release|Any CPU.ActiveCfg = Release|Any CPU
		{CDB32071-459A-4E14-BF37-32FBFBF12DA3}.Release|Any CPU.Build.0 = Release|Any CPU
		{E33C72B5-3AE9-4DDA-940C-502C8EEBFFFA}.Debug|Any CPU.ActiveCfg = Debug|Any CPU
		{E33C72B5-3AE9-4DDA-940C-502C8EEBFFFA}.Debug|Any CPU.Build.0 = Debug|Any CPU
		{E33C72B5-3AE9-4DDA-940C-502C8EEBFFFA}.Release|Any CPU.ActiveCfg = Release|Any CPU
		{E33C72B5-3AE9-4DDA-940C-502C8EEBFFFA}.Release|Any CPU.Build.0 = Release|Any CPU
		{DC9E1BBE-A467-47E8-A0C3-362DF97838FC}.Debug|Any CPU.ActiveCfg = Debug|Any CPU
		{DC9E1BBE-A467-47E8-A0C3-362DF97838FC}.Debug|Any CPU.Build.0 = Debug|Any CPU
		{DC9E1BBE-A467-47E8-A0C3-362DF97838FC}.Release|Any CPU.ActiveCfg = Release|Any CPU
		{DC9E1BBE-A467-47E8-A0C3-362DF97838FC}.Release|Any CPU.Build.0 = Release|Any CPU
		{3B6CA073-71A1-4C60-9720-CE8BDF192046}.Debug|Any CPU.ActiveCfg = Debug|Any CPU
		{3B6CA073-71A1-4C60-9720-CE8BDF192046}.Debug|Any CPU.Build.0 = Debug|Any CPU
		{3B6CA073-71A1-4C60-9720-CE8BDF192046}.Release|Any CPU.ActiveCfg = Release|Any CPU
		{3B6CA073-71A1-4C60-9720-CE8BDF192046}.Release|Any CPU.Build.0 = Release|Any CPU
		{9EC10BC9-AF8D-4A49-A22D-0BC44D531157}.Debug|Any CPU.ActiveCfg = Debug|Any CPU
		{9EC10BC9-AF8D-4A49-A22D-0BC44D531157}.Debug|Any CPU.Build.0 = Debug|Any CPU
		{9EC10BC9-AF8D-4A49-A22D-0BC44D531157}.Release|Any CPU.ActiveCfg = Release|Any CPU
		{9EC10BC9-AF8D-4A49-A22D-0BC44D531157}.Release|Any CPU.Build.0 = Release|Any CPU
		{B3559A12-A6F7-4A61-B641-FF7919D529A4}.Debug|Any CPU.ActiveCfg = Debug|Any CPU
		{B3559A12-A6F7-4A61-B641-FF7919D529A4}.Debug|Any CPU.Build.0 = Debug|Any CPU
		{B3559A12-A6F7-4A61-B641-FF7919D529A4}.Release|Any CPU.ActiveCfg = Release|Any CPU
		{B3559A12-A6F7-4A61-B641-FF7919D529A4}.Release|Any CPU.Build.0 = Release|Any CPU
		{9BFE79C5-CEF7-4130-8D75-854056BBC4F6}.Debug|Any CPU.ActiveCfg = Debug|Any CPU
		{9BFE79C5-CEF7-4130-8D75-854056BBC4F6}.Debug|Any CPU.Build.0 = Debug|Any CPU
		{9BFE79C5-CEF7-4130-8D75-854056BBC4F6}.Release|Any CPU.ActiveCfg = Release|Any CPU
		{9BFE79C5-CEF7-4130-8D75-854056BBC4F6}.Release|Any CPU.Build.0 = Release|Any CPU
	EndGlobalSection
	GlobalSection(SolutionProperties) = preSolution
		HideSolutionNode = FALSE
	EndGlobalSection
	GlobalSection(NestedProjects) = preSolution
		{3AC32DD3-F12B-4189-A6A6-EB7E0B1747AD} = {E36DEB7A-FB09-481B-8EDC-78C6AFD4A761}
		{D94D53BF-45D4-44DF-8D0F-6916F862C957} = {F3D04D55-5014-4B8C-AE0C-850F10B3D141}
		{0EE2F245-738A-4398-8D26-25D06BA3F8E5} = {218193CB-84E9-4E5F-AB5D-04F811616807}
		{CDB32071-459A-4E14-BF37-32FBFBF12DA3} = {F3D04D55-5014-4B8C-AE0C-850F10B3D141}
		{E33C72B5-3AE9-4DDA-940C-502C8EEBFFFA} = {2462B782-A11C-467A-915B-C3952B80754E}
		{48447839-CEEE-4D06-978C-A76C09B30AD2} = {4BCA7472-ED16-4E87-8671-933FAE5AA90C}
		{DC9E1BBE-A467-47E8-A0C3-362DF97838FC} = {48447839-CEEE-4D06-978C-A76C09B30AD2}
		{A1E5EE57-603D-443A-8DF4-5508F827C73C} = {4BCA7472-ED16-4E87-8671-933FAE5AA90C}
		{3B6CA073-71A1-4C60-9720-CE8BDF192046} = {A1E5EE57-603D-443A-8DF4-5508F827C73C}
		{2AB1FFF6-7429-4996-A155-C683EC102C80} = {4BCA7472-ED16-4E87-8671-933FAE5AA90C}
		{9EC10BC9-AF8D-4A49-A22D-0BC44D531157} = {2AB1FFF6-7429-4996-A155-C683EC102C80}
		{B3559A12-A6F7-4A61-B641-FF7919D529A4} = {2462B782-A11C-467A-915B-C3952B80754E}
		{9BFE79C5-CEF7-4130-8D75-854056BBC4F6} = {22C259C9-AFB2-468B-9ABA-67929A402D08}
	EndGlobalSection
EndGlobal
